// !$*UTF8*$!
{
	archiveVersion = 1;
	classes = {
	};
	objectVersion = 56;
	objects = {

/* Begin PBXBuildFile section */
		7B33E17E29152DFF00151CA3 /* FilterView.swift in Sources */ = {isa = PBXBuildFile; fileRef = 7B33E17D29152DFE00151CA3 /* FilterView.swift */; };
		7B33E180291541BA00151CA3 /* UserModel.swift in Sources */ = {isa = PBXBuildFile; fileRef = 7B33E17F291541BA00151CA3 /* UserModel.swift */; };
		7B33E182291542CC00151CA3 /* StepModel.swift in Sources */ = {isa = PBXBuildFile; fileRef = 7B33E181291542CC00151CA3 /* StepModel.swift */; };
		7B33E184291543BF00151CA3 /* UstensilModel.swift in Sources */ = {isa = PBXBuildFile; fileRef = 7B33E183291543BE00151CA3 /* UstensilModel.swift */; };
		C8000CF92915267F00F6B0B7 /* Eat_itApp.swift in Sources */ = {isa = PBXBuildFile; fileRef = C8000CF82915267F00F6B0B7 /* Eat_itApp.swift */; };
		C8000CFB2915267F00F6B0B7 /* ContentView.swift in Sources */ = {isa = PBXBuildFile; fileRef = C8000CFA2915267F00F6B0B7 /* ContentView.swift */; };
		C8000CFD2915268100F6B0B7 /* Assets.xcassets in Resources */ = {isa = PBXBuildFile; fileRef = C8000CFC2915268100F6B0B7 /* Assets.xcassets */; };
		C8000D002915268100F6B0B7 /* Preview Assets.xcassets in Resources */ = {isa = PBXBuildFile; fileRef = C8000CFF2915268100F6B0B7 /* Preview Assets.xcassets */; };
		C8000D0A291527CB00F6B0B7 /* RecipeView.swift in Sources */ = {isa = PBXBuildFile; fileRef = C8000D09291527CB00F6B0B7 /* RecipeView.swift */; };
		C80C03362915421600F500B2 /* IngredientModel.swift in Sources */ = {isa = PBXBuildFile; fileRef = C80C03352915421600F500B2 /* IngredientModel.swift */; };
		C80C03382915440F00F500B2 /* RecipeIngredientModel.swift in Sources */ = {isa = PBXBuildFile; fileRef = C80C03372915440F00F500B2 /* RecipeIngredientModel.swift */; };
		DC6BAC0A29152B72000E284F /* RecipeViewModel.swift in Sources */ = {isa = PBXBuildFile; fileRef = DC6BAC0929152B72000E284F /* RecipeViewModel.swift */; };
		DC6BAC0C29152B87000E284F /* RecipeModel.swift in Sources */ = {isa = PBXBuildFile; fileRef = DC6BAC0B29152B87000E284F /* RecipeModel.swift */; };
/* End PBXBuildFile section */

/* Begin PBXFileReference section */
		7B33E17D29152DFE00151CA3 /* FilterView.swift */ = {isa = PBXFileReference; lastKnownFileType = sourcecode.swift; path = FilterView.swift; sourceTree = "<group>"; };
		7B33E17F291541BA00151CA3 /* UserModel.swift */ = {isa = PBXFileReference; lastKnownFileType = sourcecode.swift; path = UserModel.swift; sourceTree = "<group>"; };
		7B33E181291542CC00151CA3 /* StepModel.swift */ = {isa = PBXFileReference; lastKnownFileType = sourcecode.swift; path = StepModel.swift; sourceTree = "<group>"; };
		7B33E183291543BE00151CA3 /* UstensilModel.swift */ = {isa = PBXFileReference; lastKnownFileType = sourcecode.swift; path = UstensilModel.swift; sourceTree = "<group>"; };
		C8000CF52915267F00F6B0B7 /* Eat_it.app */ = {isa = PBXFileReference; explicitFileType = wrapper.application; includeInIndex = 0; path = Eat_it.app; sourceTree = BUILT_PRODUCTS_DIR; };
		C8000CF82915267F00F6B0B7 /* Eat_itApp.swift */ = {isa = PBXFileReference; lastKnownFileType = sourcecode.swift; path = Eat_itApp.swift; sourceTree = "<group>"; };
		C8000CFA2915267F00F6B0B7 /* ContentView.swift */ = {isa = PBXFileReference; lastKnownFileType = sourcecode.swift; path = ContentView.swift; sourceTree = "<group>"; };
		C8000CFC2915268100F6B0B7 /* Assets.xcassets */ = {isa = PBXFileReference; lastKnownFileType = folder.assetcatalog; path = Assets.xcassets; sourceTree = "<group>"; };
		C8000CFF2915268100F6B0B7 /* Preview Assets.xcassets */ = {isa = PBXFileReference; lastKnownFileType = folder.assetcatalog; path = "Preview Assets.xcassets"; sourceTree = "<group>"; };
		C8000D09291527CB00F6B0B7 /* RecipeView.swift */ = {isa = PBXFileReference; lastKnownFileType = sourcecode.swift; path = RecipeView.swift; sourceTree = "<group>"; };
		C80C03352915421600F500B2 /* IngredientModel.swift */ = {isa = PBXFileReference; lastKnownFileType = sourcecode.swift; path = IngredientModel.swift; sourceTree = "<group>"; };
		C80C03372915440F00F500B2 /* RecipeIngredientModel.swift */ = {isa = PBXFileReference; lastKnownFileType = sourcecode.swift; path = RecipeIngredientModel.swift; sourceTree = "<group>"; };
		DC6BAC0929152B72000E284F /* RecipeViewModel.swift */ = {isa = PBXFileReference; lastKnownFileType = sourcecode.swift; path = RecipeViewModel.swift; sourceTree = "<group>"; };
		DC6BAC0B29152B87000E284F /* RecipeModel.swift */ = {isa = PBXFileReference; lastKnownFileType = sourcecode.swift; path = RecipeModel.swift; sourceTree = "<group>"; };
/* End PBXFileReference section */

/* Begin PBXFrameworksBuildPhase section */
		C8000CF22915267F00F6B0B7 /* Frameworks */ = {
			isa = PBXFrameworksBuildPhase;
			buildActionMask = 2147483647;
			files = (
			);
			runOnlyForDeploymentPostprocessing = 0;
		};
/* End PBXFrameworksBuildPhase section */

/* Begin PBXGroup section */
		C8000CEC2915267F00F6B0B7 = {
			isa = PBXGroup;
			children = (
				C8000CF72915267F00F6B0B7 /* Eat_it */,
				C8000CF62915267F00F6B0B7 /* Products */,
			);
			sourceTree = "<group>";
		};
		C8000CF62915267F00F6B0B7 /* Products */ = {
			isa = PBXGroup;
			children = (
				C8000CF52915267F00F6B0B7 /* Eat_it.app */,
			);
			name = Products;
			sourceTree = "<group>";
		};
		C8000CF72915267F00F6B0B7 /* Eat_it */ = {
			isa = PBXGroup;
			children = (
				C8000CF82915267F00F6B0B7 /* Eat_itApp.swift */,
				C8000CFA2915267F00F6B0B7 /* ContentView.swift */,
				C8000D072915269600F6B0B7 /* View */,
				DC6BAC0729152A93000E284F /* ViewModel */,
				DC6BAC0829152AAA000E284F /* Model */,
				C8000CFC2915268100F6B0B7 /* Assets.xcassets */,
				C8000CFE2915268100F6B0B7 /* Preview Content */,
			);
			path = Eat_it;
			sourceTree = "<group>";
		};
		C8000CFE2915268100F6B0B7 /* Preview Content */ = {
			isa = PBXGroup;
			children = (
				C8000CFF2915268100F6B0B7 /* Preview Assets.xcassets */,
			);
			path = "Preview Content";
			sourceTree = "<group>";
		};
		C8000D072915269600F6B0B7 /* View */ = {
			isa = PBXGroup;
			children = (
				C8000D09291527CB00F6B0B7 /* RecipeView.swift */,
				7B33E17D29152DFE00151CA3 /* FilterView.swift */,
			);
			path = View;
			sourceTree = "<group>";
		};
		DC6BAC0729152A93000E284F /* ViewModel */ = {
			isa = PBXGroup;
			children = (
				DC6BAC0929152B72000E284F /* RecipeViewModel.swift */,
			);
			path = ViewModel;
			sourceTree = "<group>";
		};
		DC6BAC0829152AAA000E284F /* Model */ = {
			isa = PBXGroup;
			children = (
				DC6BAC0B29152B87000E284F /* RecipeModel.swift */,
				7B33E17F291541BA00151CA3 /* UserModel.swift */,
				7B33E181291542CC00151CA3 /* StepModel.swift */,
				7B33E183291543BE00151CA3 /* UstensilModel.swift */,
    				C80C03352915421600F500B2 /* IngredientModel.swift */,
				C80C03372915440F00F500B2 /* RecipeIngredientModel.swift */
			);
			path = Model;
			sourceTree = "<group>";
		};
/* End PBXGroup section */

/* Begin PBXNativeTarget section */
		C8000CF42915267F00F6B0B7 /* Eat_it */ = {
			isa = PBXNativeTarget;
			buildConfigurationList = C8000D032915268100F6B0B7 /* Build configuration list for PBXNativeTarget "Eat_it" */;
			buildPhases = (
				C8000CF12915267F00F6B0B7 /* Sources */,
				C8000CF22915267F00F6B0B7 /* Frameworks */,
				C8000CF32915267F00F6B0B7 /* Resources */,
			);
			buildRules = (
			);
			dependencies = (
			);
			name = Eat_it;
			productName = Eat_it;
			productReference = C8000CF52915267F00F6B0B7 /* Eat_it.app */;
			productType = "com.apple.product-type.application";
		};
/* End PBXNativeTarget section */

/* Begin PBXProject section */
		C8000CED2915267F00F6B0B7 /* Project object */ = {
			isa = PBXProject;
			attributes = {
				BuildIndependentTargetsInParallel = 1;
				LastSwiftUpdateCheck = 1400;
				LastUpgradeCheck = 1400;
				TargetAttributes = {
					C8000CF42915267F00F6B0B7 = {
						CreatedOnToolsVersion = 14.0;
					};
				};
			};
			buildConfigurationList = C8000CF02915267F00F6B0B7 /* Build configuration list for PBXProject "Eat_it" */;
			compatibilityVersion = "Xcode 14.0";
			developmentRegion = en;
			hasScannedForEncodings = 0;
			knownRegions = (
				en,
				Base,
			);
			mainGroup = C8000CEC2915267F00F6B0B7;
			productRefGroup = C8000CF62915267F00F6B0B7 /* Products */;
			projectDirPath = "";
			projectRoot = "";
			targets = (
				C8000CF42915267F00F6B0B7 /* Eat_it */,
			);
		};
/* End PBXProject section */

/* Begin PBXResourcesBuildPhase section */
		C8000CF32915267F00F6B0B7 /* Resources */ = {
			isa = PBXResourcesBuildPhase;
			buildActionMask = 2147483647;
			files = (
				C8000D002915268100F6B0B7 /* Preview Assets.xcassets in Resources */,
				C8000CFD2915268100F6B0B7 /* Assets.xcassets in Resources */,
			);
			runOnlyForDeploymentPostprocessing = 0;
		};
/* End PBXResourcesBuildPhase section */

/* Begin PBXSourcesBuildPhase section */
		C8000CF12915267F00F6B0B7 /* Sources */ = {
			isa = PBXSourcesBuildPhase;
			buildActionMask = 2147483647;
			files = (
				C80C03382915440F00F500B2 /* RecipeIngredientModel.swift in Sources */,
				C80C03362915421600F500B2 /* IngredientModel.swift in Sources */,
				DC6BAC0A29152B72000E284F /* RecipeViewModel.swift in Sources */,
				7B33E180291541BA00151CA3 /* UserModel.swift in Sources */,
				C8000CFB2915267F00F6B0B7 /* ContentView.swift in Sources */,
				DC6BAC0C29152B87000E284F /* RecipeModel.swift in Sources */,
				C8000CF92915267F00F6B0B7 /* Eat_itApp.swift in Sources */,
				7B33E17E29152DFF00151CA3 /* FilterView.swift in Sources */,
				C8000D0A291527CB00F6B0B7 /* RecipeView.swift in Sources */,
				7B33E184291543BF00151CA3 /* UstensilModel.swift in Sources */,
				7B33E182291542CC00151CA3 /* StepModel.swift in Sources */,
			);
			runOnlyForDeploymentPostprocessing = 0;
		};
/* End PBXSourcesBuildPhase section */

/* Begin XCBuildConfiguration section */
		C8000D012915268100F6B0B7 /* Debug */ = {
			isa = XCBuildConfiguration;
			buildSettings = {
				ALWAYS_SEARCH_USER_PATHS = NO;
				CLANG_ANALYZER_NONNULL = YES;
				CLANG_ANALYZER_NUMBER_OBJECT_CONVERSION = YES_AGGRESSIVE;
				CLANG_CXX_LANGUAGE_STANDARD = "gnu++20";
				CLANG_ENABLE_MODULES = YES;
				CLANG_ENABLE_OBJC_ARC = YES;
				CLANG_ENABLE_OBJC_WEAK = YES;
				CLANG_WARN_BLOCK_CAPTURE_AUTORELEASING = YES;
				CLANG_WARN_BOOL_CONVERSION = YES;
				CLANG_WARN_COMMA = YES;
				CLANG_WARN_CONSTANT_CONVERSION = YES;
				CLANG_WARN_DEPRECATED_OBJC_IMPLEMENTATIONS = YES;
				CLANG_WARN_DIRECT_OBJC_ISA_USAGE = YES_ERROR;
				CLANG_WARN_DOCUMENTATION_COMMENTS = YES;
				CLANG_WARN_EMPTY_BODY = YES;
				CLANG_WARN_ENUM_CONVERSION = YES;
				CLANG_WARN_INFINITE_RECURSION = YES;
				CLANG_WARN_INT_CONVERSION = YES;
				CLANG_WARN_NON_LITERAL_NULL_CONVERSION = YES;
				CLANG_WARN_OBJC_IMPLICIT_RETAIN_SELF = YES;
				CLANG_WARN_OBJC_LITERAL_CONVERSION = YES;
				CLANG_WARN_OBJC_ROOT_CLASS = YES_ERROR;
				CLANG_WARN_QUOTED_INCLUDE_IN_FRAMEWORK_HEADER = YES;
				CLANG_WARN_RANGE_LOOP_ANALYSIS = YES;
				CLANG_WARN_STRICT_PROTOTYPES = YES;
				CLANG_WARN_SUSPICIOUS_MOVE = YES;
				CLANG_WARN_UNGUARDED_AVAILABILITY = YES_AGGRESSIVE;
				CLANG_WARN_UNREACHABLE_CODE = YES;
				CLANG_WARN__DUPLICATE_METHOD_MATCH = YES;
				COPY_PHASE_STRIP = NO;
				DEBUG_INFORMATION_FORMAT = dwarf;
				ENABLE_STRICT_OBJC_MSGSEND = YES;
				ENABLE_TESTABILITY = YES;
				GCC_C_LANGUAGE_STANDARD = gnu11;
				GCC_DYNAMIC_NO_PIC = NO;
				GCC_NO_COMMON_BLOCKS = YES;
				GCC_OPTIMIZATION_LEVEL = 0;
				GCC_PREPROCESSOR_DEFINITIONS = (
					"DEBUG=1",
					"$(inherited)",
				);
				GCC_WARN_64_TO_32_BIT_CONVERSION = YES;
				GCC_WARN_ABOUT_RETURN_TYPE = YES_ERROR;
				GCC_WARN_UNDECLARED_SELECTOR = YES;
				GCC_WARN_UNINITIALIZED_AUTOS = YES_AGGRESSIVE;
				GCC_WARN_UNUSED_FUNCTION = YES;
				GCC_WARN_UNUSED_VARIABLE = YES;
				IPHONEOS_DEPLOYMENT_TARGET = 16.0;
				MTL_ENABLE_DEBUG_INFO = INCLUDE_SOURCE;
				MTL_FAST_MATH = YES;
				ONLY_ACTIVE_ARCH = YES;
				SDKROOT = iphoneos;
				SWIFT_ACTIVE_COMPILATION_CONDITIONS = DEBUG;
				SWIFT_OPTIMIZATION_LEVEL = "-Onone";
			};
			name = Debug;
		};
		C8000D022915268100F6B0B7 /* Release */ = {
			isa = XCBuildConfiguration;
			buildSettings = {
				ALWAYS_SEARCH_USER_PATHS = NO;
				CLANG_ANALYZER_NONNULL = YES;
				CLANG_ANALYZER_NUMBER_OBJECT_CONVERSION = YES_AGGRESSIVE;
				CLANG_CXX_LANGUAGE_STANDARD = "gnu++20";
				CLANG_ENABLE_MODULES = YES;
				CLANG_ENABLE_OBJC_ARC = YES;
				CLANG_ENABLE_OBJC_WEAK = YES;
				CLANG_WARN_BLOCK_CAPTURE_AUTORELEASING = YES;
				CLANG_WARN_BOOL_CONVERSION = YES;
				CLANG_WARN_COMMA = YES;
				CLANG_WARN_CONSTANT_CONVERSION = YES;
				CLANG_WARN_DEPRECATED_OBJC_IMPLEMENTATIONS = YES;
				CLANG_WARN_DIRECT_OBJC_ISA_USAGE = YES_ERROR;
				CLANG_WARN_DOCUMENTATION_COMMENTS = YES;
				CLANG_WARN_EMPTY_BODY = YES;
				CLANG_WARN_ENUM_CONVERSION = YES;
				CLANG_WARN_INFINITE_RECURSION = YES;
				CLANG_WARN_INT_CONVERSION = YES;
				CLANG_WARN_NON_LITERAL_NULL_CONVERSION = YES;
				CLANG_WARN_OBJC_IMPLICIT_RETAIN_SELF = YES;
				CLANG_WARN_OBJC_LITERAL_CONVERSION = YES;
				CLANG_WARN_OBJC_ROOT_CLASS = YES_ERROR;
				CLANG_WARN_QUOTED_INCLUDE_IN_FRAMEWORK_HEADER = YES;
				CLANG_WARN_RANGE_LOOP_ANALYSIS = YES;
				CLANG_WARN_STRICT_PROTOTYPES = YES;
				CLANG_WARN_SUSPICIOUS_MOVE = YES;
				CLANG_WARN_UNGUARDED_AVAILABILITY = YES_AGGRESSIVE;
				CLANG_WARN_UNREACHABLE_CODE = YES;
				CLANG_WARN__DUPLICATE_METHOD_MATCH = YES;
				COPY_PHASE_STRIP = NO;
				DEBUG_INFORMATION_FORMAT = "dwarf-with-dsym";
				ENABLE_NS_ASSERTIONS = NO;
				ENABLE_STRICT_OBJC_MSGSEND = YES;
				GCC_C_LANGUAGE_STANDARD = gnu11;
				GCC_NO_COMMON_BLOCKS = YES;
				GCC_WARN_64_TO_32_BIT_CONVERSION = YES;
				GCC_WARN_ABOUT_RETURN_TYPE = YES_ERROR;
				GCC_WARN_UNDECLARED_SELECTOR = YES;
				GCC_WARN_UNINITIALIZED_AUTOS = YES_AGGRESSIVE;
				GCC_WARN_UNUSED_FUNCTION = YES;
				GCC_WARN_UNUSED_VARIABLE = YES;
				IPHONEOS_DEPLOYMENT_TARGET = 16.0;
				MTL_ENABLE_DEBUG_INFO = NO;
				MTL_FAST_MATH = YES;
				SDKROOT = iphoneos;
				SWIFT_COMPILATION_MODE = wholemodule;
				SWIFT_OPTIMIZATION_LEVEL = "-O";
				VALIDATE_PRODUCT = YES;
			};
			name = Release;
		};
		C8000D042915268100F6B0B7 /* Debug */ = {
			isa = XCBuildConfiguration;
			buildSettings = {
				ASSETCATALOG_COMPILER_APPICON_NAME = AppIcon;
				ASSETCATALOG_COMPILER_GLOBAL_ACCENT_COLOR_NAME = AccentColor;
				CODE_SIGN_STYLE = Automatic;
				CURRENT_PROJECT_VERSION = 1;
				DEVELOPMENT_ASSET_PATHS = "\"Eat_it/Preview Content\"";
				DEVELOPMENT_TEAM = CC445LJFJY;
				ENABLE_PREVIEWS = YES;
				GENERATE_INFOPLIST_FILE = YES;
				INFOPLIST_KEY_UIApplicationSceneManifest_Generation = YES;
				INFOPLIST_KEY_UIApplicationSupportsIndirectInputEvents = YES;
				INFOPLIST_KEY_UILaunchScreen_Generation = YES;
				INFOPLIST_KEY_UISupportedInterfaceOrientations_iPad = "UIInterfaceOrientationPortrait UIInterfaceOrientationPortraitUpsideDown UIInterfaceOrientationLandscapeLeft UIInterfaceOrientationLandscapeRight";
				INFOPLIST_KEY_UISupportedInterfaceOrientations_iPhone = "UIInterfaceOrientationPortrait UIInterfaceOrientationLandscapeLeft UIInterfaceOrientationLandscapeRight";
				LD_RUNPATH_SEARCH_PATHS = (
					"$(inherited)",
					"@executable_path/Frameworks",
				);
				MARKETING_VERSION = 1.0;
				PRODUCT_BUNDLE_IDENTIFIER = "z.Eat-it";
				PRODUCT_NAME = "$(TARGET_NAME)";
				SWIFT_EMIT_LOC_STRINGS = YES;
				SWIFT_VERSION = 5.0;
				TARGETED_DEVICE_FAMILY = "1,2";
			};
			name = Debug;
		};
		C8000D052915268100F6B0B7 /* Release */ = {
			isa = XCBuildConfiguration;
			buildSettings = {
				ASSETCATALOG_COMPILER_APPICON_NAME = AppIcon;
				ASSETCATALOG_COMPILER_GLOBAL_ACCENT_COLOR_NAME = AccentColor;
				CODE_SIGN_STYLE = Automatic;
				CURRENT_PROJECT_VERSION = 1;
				DEVELOPMENT_ASSET_PATHS = "\"Eat_it/Preview Content\"";
				DEVELOPMENT_TEAM = CC445LJFJY;
				ENABLE_PREVIEWS = YES;
				GENERATE_INFOPLIST_FILE = YES;
				INFOPLIST_KEY_UIApplicationSceneManifest_Generation = YES;
				INFOPLIST_KEY_UIApplicationSupportsIndirectInputEvents = YES;
				INFOPLIST_KEY_UILaunchScreen_Generation = YES;
				INFOPLIST_KEY_UISupportedInterfaceOrientations_iPad = "UIInterfaceOrientationPortrait UIInterfaceOrientationPortraitUpsideDown UIInterfaceOrientationLandscapeLeft UIInterfaceOrientationLandscapeRight";
				INFOPLIST_KEY_UISupportedInterfaceOrientations_iPhone = "UIInterfaceOrientationPortrait UIInterfaceOrientationLandscapeLeft UIInterfaceOrientationLandscapeRight";
				LD_RUNPATH_SEARCH_PATHS = (
					"$(inherited)",
					"@executable_path/Frameworks",
				);
				MARKETING_VERSION = 1.0;
				PRODUCT_BUNDLE_IDENTIFIER = "z.Eat-it";
				PRODUCT_NAME = "$(TARGET_NAME)";
				SWIFT_EMIT_LOC_STRINGS = YES;
				SWIFT_VERSION = 5.0;
				TARGETED_DEVICE_FAMILY = "1,2";
			};
			name = Release;
		};
/* End XCBuildConfiguration section */

/* Begin XCConfigurationList section */
		C8000CF02915267F00F6B0B7 /* Build configuration list for PBXProject "Eat_it" */ = {
			isa = XCConfigurationList;
			buildConfigurations = (
				C8000D012915268100F6B0B7 /* Debug */,
				C8000D022915268100F6B0B7 /* Release */,
			);
			defaultConfigurationIsVisible = 0;
			defaultConfigurationName = Release;
		};
		C8000D032915268100F6B0B7 /* Build configuration list for PBXNativeTarget "Eat_it" */ = {
			isa = XCConfigurationList;
			buildConfigurations = (
				C8000D042915268100F6B0B7 /* Debug */,
				C8000D052915268100F6B0B7 /* Release */,
			);
			defaultConfigurationIsVisible = 0;
			defaultConfigurationName = Release;
		};
/* End XCConfigurationList section */
	};
	rootObject = C8000CED2915267F00F6B0B7 /* Project object */;
}
